{
  "name": "Phase-4-Project",
  "version": "1.0.0",
  "description": " description",
  "main": "main.js",
  "scripts": {
    "start": "node index.js",
    "test": "echo \"Error: no test specified\" && exit 1"
  },
  "author": "Hope",
  "license": "ISC",
  "dependencies": {
    "express": "^4.17.1"
  }
}